# THIS IS AN AUTOGENERATED FILE. DO NOT EDIT THIS FILE DIRECTLY.
# yarn lockfile v1


"@algolia/cache-browser-local-storage@4.13.0":
  version "4.13.0"
  resolved "https://registry.yarnpkg.com/@algolia/cache-browser-local-storage/-/cache-browser-local-storage-4.13.0.tgz#f8aa4fe31104b19d616ea392f9ed5c2ea847d964"
  integrity sha512-nj1vHRZauTqP/bluwkRIgEADEimqojJgoTRCel5f6q8WCa9Y8QeI4bpDQP28FoeKnDRYa3J5CauDlN466jqRhg==
  dependencies:
    "@algolia/cache-common" "4.13.0"

"@algolia/cache-common@4.13.0":
  version "4.13.0"
  resolved "https://registry.yarnpkg.com/@algolia/cache-common/-/cache-common-4.13.0.tgz#27b83fd3939d08d72261b36a07eeafc4cb4d2113"
  integrity sha512-f9mdZjskCui/dA/fA/5a+6hZ7xnHaaZI5tM/Rw9X8rRB39SUlF/+o3P47onZ33n/AwkpSbi5QOyhs16wHd55kA==

"@algolia/cache-in-memory@4.13.0":
  version "4.13.0"
  resolved "https://registry.yarnpkg.com/@algolia/cache-in-memory/-/cache-in-memory-4.13.0.tgz#10801a74550cbabb64b59ff08c56bce9c278ff2d"
  integrity sha512-hHdc+ahPiMM92CQMljmObE75laYzNFYLrNOu0Q3/eyvubZZRtY2SUsEEgyUEyzXruNdzrkcDxFYa7YpWBJYHAg==
  dependencies:
    "@algolia/cache-common" "4.13.0"

"@algolia/client-account@4.13.0":
  version "4.13.0"
  resolved "https://registry.yarnpkg.com/@algolia/client-account/-/client-account-4.13.0.tgz#f8646dd40d1e9e3353e10abbd5d6c293ea92a8e2"
  integrity sha512-FzFqFt9b0g/LKszBDoEsW+dVBuUe1K3scp2Yf7q6pgHWM1WqyqUlARwVpLxqyc+LoyJkTxQftOKjyFUqddnPKA==
  dependencies:
    "@algolia/client-common" "4.13.0"
    "@algolia/client-search" "4.13.0"
    "@algolia/transporter" "4.13.0"

"@algolia/client-analytics@4.13.0":
  version "4.13.0"
  resolved "https://registry.yarnpkg.com/@algolia/client-analytics/-/client-analytics-4.13.0.tgz#a00bd02df45d71becb9dd4c5c993d805f2e1786d"
  integrity sha512-klmnoq2FIiiMHImkzOm+cGxqRLLu9CMHqFhbgSy9wtXZrqb8BBUIUE2VyBe7azzv1wKcxZV2RUyNOMpFqmnRZA==
  dependencies:
    "@algolia/client-common" "4.13.0"
    "@algolia/client-search" "4.13.0"
    "@algolia/requester-common" "4.13.0"
    "@algolia/transporter" "4.13.0"

"@algolia/client-common@4.13.0":
  version "4.13.0"
  resolved "https://registry.yarnpkg.com/@algolia/client-common/-/client-common-4.13.0.tgz#8bc373d164dbdcce38b4586912bbe162492bcb86"
  integrity sha512-GoXfTp0kVcbgfSXOjfrxx+slSipMqGO9WnNWgeMmru5Ra09MDjrcdunsiiuzF0wua6INbIpBQFTC2Mi5lUNqGA==
  dependencies:
    "@algolia/requester-common" "4.13.0"
    "@algolia/transporter" "4.13.0"

"@algolia/client-personalization@4.13.0":
  version "4.13.0"
  resolved "https://registry.yarnpkg.com/@algolia/client-personalization/-/client-personalization-4.13.0.tgz#10fb7af356422551f11a67222b39c52306f1512c"
  integrity sha512-KneLz2WaehJmNfdr5yt2HQETpLaCYagRdWwIwkTqRVFCv4DxRQ2ChPVW9jeTj4YfAAhfzE6F8hn7wkQ/Jfj6ZA==
  dependencies:
    "@algolia/client-common" "4.13.0"
    "@algolia/requester-common" "4.13.0"
    "@algolia/transporter" "4.13.0"

"@algolia/client-search@4.13.0":
  version "4.13.0"
  resolved "https://registry.yarnpkg.com/@algolia/client-search/-/client-search-4.13.0.tgz#2d8ff8e755c4a37ec89968f3f9b358eed005c7f0"
  integrity sha512-blgCKYbZh1NgJWzeGf+caKE32mo3j54NprOf0LZVCubQb3Kx37tk1Hc8SDs9bCAE8hUvf3cazMPIg7wscSxspA==
  dependencies:
    "@algolia/client-common" "4.13.0"
    "@algolia/requester-common" "4.13.0"
    "@algolia/transporter" "4.13.0"

"@algolia/events@^4.0.1":
  version "4.0.1"
  resolved "https://registry.yarnpkg.com/@algolia/events/-/events-4.0.1.tgz#fd39e7477e7bc703d7f893b556f676c032af3950"
  integrity sha512-FQzvOCgoFXAbf5Y6mYozw2aj5KCJoA3m4heImceldzPSMbdyS4atVjJzXKMsfX3wnZTFYwkkt8/z8UesLHlSBQ==

"@algolia/logger-common@4.13.0":
  version "4.13.0"
  resolved "https://registry.yarnpkg.com/@algolia/logger-common/-/logger-common-4.13.0.tgz#be2606e71aae618a1ff1ea9a1b5f5a74284b35a8"
  integrity sha512-8yqXk7rMtmQJ9wZiHOt/6d4/JDEg5VCk83gJ39I+X/pwUPzIsbKy9QiK4uJ3aJELKyoIiDT1hpYVt+5ia+94IA==

"@algolia/logger-console@4.13.0":
  version "4.13.0"
  resolved "https://registry.yarnpkg.com/@algolia/logger-console/-/logger-console-4.13.0.tgz#f28028a760e3d9191e28a10b12925e48f6c9afde"
  integrity sha512-YepRg7w2/87L0vSXRfMND6VJ5d6699sFJBRWzZPOlek2p5fLxxK7O0VncYuc/IbVHEgeApvgXx0WgCEa38GVuQ==
  dependencies:
    "@algolia/logger-common" "4.13.0"

"@algolia/requester-browser-xhr@4.13.0":
  version "4.13.0"
  resolved "https://registry.yarnpkg.com/@algolia/requester-browser-xhr/-/requester-browser-xhr-4.13.0.tgz#e2483f4e8d7f09e27cd0daf6c77711d15c5a919f"
  integrity sha512-Dj+bnoWR5MotrnjblzGKZ2kCdQi2cK/VzPURPnE616NU/il7Ypy6U6DLGZ/ZYz+tnwPa0yypNf21uqt84fOgrg==
  dependencies:
    "@algolia/requester-common" "4.13.0"

"@algolia/requester-common@4.13.0":
  version "4.13.0"
  resolved "https://registry.yarnpkg.com/@algolia/requester-common/-/requester-common-4.13.0.tgz#47fb3464cfb26b55ba43676d13f295d812830596"
  integrity sha512-BRTDj53ecK+gn7ugukDWOOcBRul59C4NblCHqj4Zm5msd5UnHFjd/sGX+RLOEoFMhetILAnmg6wMrRrQVac9vw==

"@algolia/requester-node-http@4.13.0":
  version "4.13.0"
  resolved "https://registry.yarnpkg.com/@algolia/requester-node-http/-/requester-node-http-4.13.0.tgz#7d981bbd31492f51dd11820a665f9d8906793c37"
  integrity sha512-9b+3O4QFU4azLhGMrZAr/uZPydvzOR4aEZfSL8ZrpLZ7fbbqTO0S/5EVko+QIgglRAtVwxvf8UJ1wzTD2jvKxQ==
  dependencies:
    "@algolia/requester-common" "4.13.0"

"@algolia/transporter@4.13.0":
  version "4.13.0"
  resolved "https://registry.yarnpkg.com/@algolia/transporter/-/transporter-4.13.0.tgz#f6379e5329efa2127da68c914d1141f5f21dbd07"
  integrity sha512-8tSQYE+ykQENAdeZdofvtkOr5uJ9VcQSWgRhQ9h01AehtBIPAczk/b2CLrMsw5yQZziLs5cZ3pJ3478yI+urhA==
  dependencies:
    "@algolia/cache-common" "4.13.0"
    "@algolia/logger-common" "4.13.0"
    "@algolia/requester-common" "4.13.0"

"@types/google.maps@^3.45.3":
  version "3.48.7"
  resolved "https://registry.yarnpkg.com/@types/google.maps/-/google.maps-3.48.7.tgz#2291e7fd41af797d4827c0f19e5609b1c07bf42e"
  integrity sha512-mssJhNv6jwk+zyh0MpYWWTsL99l84nEz7m+l0p4MY2f2iqdkOYl2kDFdB7g7ME0ih41V0kaZXsjntkq5ul/UyQ==

"@types/hogan.js@^3.0.0":
  version "3.0.1"
  resolved "https://registry.yarnpkg.com/@types/hogan.js/-/hogan.js-3.0.1.tgz#64c54407b30da359763e14877f5702b8ae85d61c"
  integrity sha512-D03i/2OY7kGyMq9wdQ7oD8roE49z/ZCZThe/nbahtvuqCNZY9T2MfedOWyeBdbEpY2W8Gnh/dyJLdFtUCOkYbg==

"@types/qs@^6.5.3":
  version "6.9.7"
  resolved "https://registry.yarnpkg.com/@types/qs/-/qs-6.9.7.tgz#63bb7d067db107cc1e457c303bc25d511febf6cb"
  integrity sha512-FGa1F62FT09qcrueBA6qYTrJPVDzah9a+493+o2PCXsesWHIn27G98TsSMs3WPNbZIEj4+VJf6saSFpvD+3Zsw==

abbrev@1:
  version "1.1.1"
  resolved "https://registry.yarnpkg.com/abbrev/-/abbrev-1.1.1.tgz#f8f2c887ad10bf67f634f005b6987fed3179aac8"
  integrity sha512-nne9/IiQ/hzIhY6pdDnbBtz7DjPTKrY00P/zvPSm5pOFkl6xuGrGnXn/VtTNNfNtAfZ9/1RtehkszU9qcTii0Q==

algoliasearch-helper@^3.8.2:
  version "3.8.2"
  resolved "https://registry.yarnpkg.com/algoliasearch-helper/-/algoliasearch-helper-3.8.2.tgz#35726dc6d211f49dbab0bf6d37b4658165539523"
  integrity sha512-AXxiF0zT9oYwl8ZBgU/eRXvfYhz7cBA5YrLPlw9inZHdaYF0QEya/f1Zp1mPYMXc1v6VkHwBq4pk6/vayBLICg==
  dependencies:
    "@algolia/events" "^4.0.1"

algoliasearch@^4.13.0:
  version "4.13.0"
  resolved "https://registry.yarnpkg.com/algoliasearch/-/algoliasearch-4.13.0.tgz#e36611fda82b1fc548c156ae7929a7f486e4b663"
  integrity sha512-oHv4faI1Vl2s+YC0YquwkK/TsaJs79g2JFg5FDm2rKN12VItPTAeQ7hyJMHarOPPYuCnNC5kixbtcqvb21wchw==
  dependencies:
    "@algolia/cache-browser-local-storage" "4.13.0"
    "@algolia/cache-common" "4.13.0"
    "@algolia/cache-in-memory" "4.13.0"
    "@algolia/client-account" "4.13.0"
    "@algolia/client-analytics" "4.13.0"
    "@algolia/client-common" "4.13.0"
    "@algolia/client-personalization" "4.13.0"
    "@algolia/client-search" "4.13.0"
    "@algolia/logger-common" "4.13.0"
    "@algolia/logger-console" "4.13.0"
    "@algolia/requester-browser-xhr" "4.13.0"
    "@algolia/requester-common" "4.13.0"
    "@algolia/requester-node-http" "4.13.0"
    "@algolia/transporter" "4.13.0"

classnames@^2.2.5:
  version "2.3.1"
  resolved "https://registry.yarnpkg.com/classnames/-/classnames-2.3.1.tgz#dfcfa3891e306ec1dad105d0e88f4417b8535e8e"
  integrity sha512-OlQdbZ7gLfGarSqxesMesDa5uz7KFbID8Kpq/SxIoNGDqY8lSYs0D+hhtBXhcdB3rcbXArFr7vlHheLk1voeNA==

dotenv@^16.0.0:
  version "16.0.0"
  resolved "https://registry.yarnpkg.com/dotenv/-/dotenv-16.0.0.tgz#c619001253be89ebb638d027b609c75c26e47411"
  integrity sha512-qD9WU0MPM4SWLPJy/r2Be+2WgQj8plChsyrCNQzW/0WjvcJQiKQJ9mH3ZgB3fxbUUxgc/11ZJ0Fi5KiimWGz2Q==

hogan.js@^3.0.2:
  version "3.0.2"
  resolved "https://registry.yarnpkg.com/hogan.js/-/hogan.js-3.0.2.tgz#4cd9e1abd4294146e7679e41d7898732b02c7bfd"
  integrity sha1-TNnhq9QpQUbnZ55B14mHMrAse/0=
  dependencies:
    mkdirp "0.3.0"
    nopt "1.0.10"

instantsearch.js@^4.40.5:
  version "4.40.5"
  resolved "https://registry.yarnpkg.com/instantsearch.js/-/instantsearch.js-4.40.5.tgz#17b3c2ed493bee80101b3eb9a48187b487d275c3"
  integrity sha512-6YL4WGJ4mGz+b1mbAd/k+g3foz0W0HhZA7wSz0CeuNoJHnCcCcJAoAFdwLoWGRBKjxV7FoXFou0NRkLWXEmBrg==
  dependencies:
    "@algolia/events" "^4.0.1"
    "@types/google.maps" "^3.45.3"
    "@types/hogan.js" "^3.0.0"
    "@types/qs" "^6.5.3"
    algoliasearch-helper "^3.8.2"
    classnames "^2.2.5"
    hogan.js "^3.0.2"
    preact "^10.6.0"
    qs "^6.5.1 < 6.10"
    search-insights "^2.1.0"

mkdirp@0.3.0:
  version "0.3.0"
  resolved "https://registry.yarnpkg.com/mkdirp/-/mkdirp-0.3.0.tgz#1bbf5ab1ba827af23575143490426455f481fe1e"
  integrity sha1-G79asbqCevI1dRQ0kEJkVfSB/h4=

nopt@1.0.10:
  version "1.0.10"
  resolved "https://registry.yarnpkg.com/nopt/-/nopt-1.0.10.tgz#6ddd21bd2a31417b92727dd585f8a6f37608ebee"
  integrity sha1-bd0hvSoxQXuScn3Vhfim83YI6+4=
  dependencies:
    abbrev "1"

preact@^10.6.0:
  version "10.7.1"
  resolved "https://registry.yarnpkg.com/preact/-/preact-10.7.1.tgz#bdd2b2dce91a5842c3b9b34dfe050e5401068c9e"
  integrity sha512-MufnRFz39aIhs9AMFisonjzTud1PK1bY+jcJLo6m2T9Uh8AqjD77w11eAAawmjUogoGOnipECq7e/1RClIKsxg==

"qs@^6.5.1 < 6.10":
  version "6.9.7"
  resolved "https://registry.yarnpkg.com/qs/-/qs-6.9.7.tgz#4610846871485e1e048f44ae3b94033f0e675afe"
  integrity sha512-IhMFgUmuNpyRfxA90umL7ByLlgRXu6tIfKPpF5TmcfRLlLCckfP/g3IQmju6jjpu+Hh8rA+2p6A27ZSPOOHdKw==

search-insights@^2.1.0:
  version "2.2.1"
  resolved "https://registry.yarnpkg.com/search-insights/-/search-insights-2.2.1.tgz#9c93344fbae5fbf2f88c1a81b46b4b5d888c11f7"
  integrity sha512-JDfVGZbKqTtiKVZjAVbkNw9C9f0ib80yx6Ea17M3z4RvPmuD0GYWXuFwA9++dpbreBEMH4TC3lQ29Zq7O4b5oA==
